
Microsoft Visual Studio Solution File, Format Version 12.00
Project("{FAE04EC0-301F-11D3-BF4B-00C04F79EFBC}") = "TestHostTestContainers", "TestHostTestContainers\TestHostTestContainers.csproj", "{7A29630F-5806-4556-A39C-A3CDC71BD013}"
EndProject
Project("{FAE04EC0-301F-11D3-BF4B-00C04F79EFBC}") = "IntegrationTests", "IntegrationTests\IntegrationTests.csproj", "{4187F4F9-CE36-4B09-A686-D7BF8F9DAE46}"
EndProject
Global
	GlobalSection(SolutionConfigurationPlatforms) = preSolution
		Debug|Any CPU = Debug|Any CPU
		Release|Any CPU = Release|Any CPU
	EndGlobalSection
	GlobalSection(ProjectConfigurationPlatforms) = postSolution
		{7A29630F-5806-4556-A39C-A3CDC71BD013}.Debug|Any CPU.ActiveCfg = Debug|Any CPU
		{7A29630F-5806-4556-A39C-A3CDC71BD013}.Debug|Any CPU.Build.0 = Debug|Any CPU
		{7A29630F-5806-4556-A39C-A3CDC71BD013}.Release|Any CPU.ActiveCfg = Release|Any CPU
		{7A29630F-5806-4556-A39C-A3CDC71BD013}.Release|Any CPU.Build.0 = Release|Any CPU
		{4187F4F9-CE36-4B09-A686-D7BF8F9DAE46}.Debug|Any CPU.ActiveCfg = Debug|Any CPU
		{4187F4F9-CE36-4B09-A686-D7BF8F9DAE46}.Debug|Any CPU.Build.0 = Debug|Any CPU
		{4187F4F9-CE36-4B09-A686-D7BF8F9DAE46}.Release|Any CPU.ActiveCfg = Release|Any CPU
		{4187F4F9-CE36-4B09-A686-D7BF8F9DAE46}.Release|Any CPU.Build.0 = Release|Any CPU
	EndGlobalSection
EndGlobal
